// !$*UTF8*$!
{
	archiveVersion = 1;
	classes = {
	};
	objectVersion = 46;
	objects = {
/* Begin PBXBuildFile section */
		0207DA581B56EA530066E2B4 /* Images.xcassets in Resources */ = {isa = PBXBuildFile; fileRef = 0207DA571B56EA530066E2B4 /* Images.xcassets */; };
		1D3623260D0F684500981E51 /* AppDelegate.m in Sources */ = {isa = PBXBuildFile; fileRef = 1D3623250D0F684500981E51 /* AppDelegate.m */; };
		1D60589B0D05DD56006BFB54 /* main.m in Sources */ = {isa = PBXBuildFile; fileRef = 29B97316FDCFA39411CA2CEA /* main.m */; };
		301BF552109A68D80062928A /* libCordova.a in Frameworks */ = {isa = PBXBuildFile; fileRef = 301BF535109A57CC0062928A /* libCordova.a */; };
		302D95F114D2391D003F00A1 /* MainViewController.m in Sources */ = {isa = PBXBuildFile; fileRef = 302D95EF14D2391D003F00A1 /* MainViewController.m */; };
		302D95F214D2391D003F00A1 /* MainViewController.xib in Resources */ = {isa = PBXBuildFile; fileRef = 302D95F014D2391D003F00A1 /* MainViewController.xib */; };
		3047A5121AB8059700498E2A /* build-debug.xcconfig in Resources */ = {isa = PBXBuildFile; fileRef = 3047A50F1AB8059700498E2A /* build-debug.xcconfig */; };
		3047A5131AB8059700498E2A /* build-release.xcconfig in Resources */ = {isa = PBXBuildFile; fileRef = 3047A5101AB8059700498E2A /* build-release.xcconfig */; };
		3047A5141AB8059700498E2A /* build.xcconfig in Resources */ = {isa = PBXBuildFile; fileRef = 3047A5111AB8059700498E2A /* build.xcconfig */; };
		6AFF5BF91D6E424B00AB3073 /* CDVLaunchScreen.storyboard in Resources */ = {isa = PBXBuildFile; fileRef = 6AFF5BF81D6E424B00AB3073 /* CDVLaunchScreen.storyboard */; };
		D843F8C0B49E4D7B9F776A69 /* CDVInAppBrowser.m in Sources */ = {isa = PBXBuildFile; fileRef = BE01E48DDE3146FAAF017647 /* CDVInAppBrowser.m */; };
		203E2CCE74C24D8DB2B1840D /* SafariViewController.m in Sources */ = {isa = PBXBuildFile; fileRef = FA55833B3C6249E39DED3592 /* SafariViewController.m */; };
		FC80C083CAE64AC9ADCEA0F9 /* SafariServices.framework in Frameworks */ = {isa = PBXBuildFile; fileRef = 5FC1E6374E1846948D5D1679 /* SafariServices.framework */; settings = {ATTRIBUTES = (Weak, ); }; };
		A69339CA028D41F29486E780 /* CDVLocation.m in Sources */ = {isa = PBXBuildFile; fileRef = 7AB85A2FA3DA455183D01F62 /* CDVLocation.m */; };
		535294EDBF5F4B52B11DFF25 /* CoreLocation.framework in Frameworks */ = {isa = PBXBuildFile; fileRef = 0652878FAE5B4AABB1332BFF /* CoreLocation.framework */; };
		73D0C0D94AF94233A2B3096F /* PluginObjects.m in Sources */ = {isa = PBXBuildFile; fileRef = 79A4334156D2462A9DFC17B6 /* PluginObjects.m */; };
		75627DCC9F7A4ABEAAAC4F2C /* PluginCircle.m in Sources */ = {isa = PBXBuildFile; fileRef = 1F18107FEF5B4D4682E81541 /* PluginCircle.m */; };
		25EF1200E3AD472CBAB298EA /* PluginGeocoder.m in Sources */ = {isa = PBXBuildFile; fileRef = 90C7EC885E624B7E8AAA4565 /* PluginGeocoder.m */; };
		5B19F50E8941408F87CB9083 /* PluginLocationService.m in Sources */ = {isa = PBXBuildFile; fileRef = 2501563AB6704770BEB4D9B3 /* PluginLocationService.m */; };
		B65CB09E35F348B980C44917 /* PluginEnvironment.m in Sources */ = {isa = PBXBuildFile; fileRef = 9BC8A733856A4B04A0A5466F /* PluginEnvironment.m */; };
		46C65D2A0C374CF1B753E62C /* CordovaGoogleMaps.m in Sources */ = {isa = PBXBuildFile; fileRef = AD7E0C976A644FCBB42A7732 /* CordovaGoogleMaps.m */; };
		A4E082AF8D474D7EADB53E3D /* PluginMapViewController.m in Sources */ = {isa = PBXBuildFile; fileRef = CCE0EBFA696D43DEBC2534F3 /* PluginMapViewController.m */; };
		D86E4F8BA6434BF781DE6200 /* PluginGroundOverlay.m in Sources */ = {isa = PBXBuildFile; fileRef = 49708016AC8943D3A7A6F571 /* PluginGroundOverlay.m */; };
		0A64A4B59693428A9BFEE259 /* PluginKmlOverlay.m in Sources */ = {isa = PBXBuildFile; fileRef = F975FEE4D6E846D1A0D8488D /* PluginKmlOverlay.m */; };
		492A996576A9485CB9F2C327 /* PluginMap.m in Sources */ = {isa = PBXBuildFile; fileRef = BCBBC4E1EA714EDF801993D5 /* PluginMap.m */; };
		747303B7B69A4033AF820566 /* PluginMarker.m in Sources */ = {isa = PBXBuildFile; fileRef = 042716259E454C51BA09DC8A /* PluginMarker.m */; };
		E2126F1A3CE34117AF8730BE /* PluginUtil.m in Sources */ = {isa = PBXBuildFile; fileRef = 6C7CBE9392EB4FFABFA138AA /* PluginUtil.m */; };
		79DEF575637942409C340E59 /* PluginPolygon.m in Sources */ = {isa = PBXBuildFile; fileRef = D5F76C429C99474689605F8E /* PluginPolygon.m */; };
		CFB61369574E4D2BB919153E /* PluginPolyline.m in Sources */ = {isa = PBXBuildFile; fileRef = BE3D059681234FC8B4D4CB7F /* PluginPolyline.m */; };
		16E9B1CCFFE44D7983097563 /* PluginTileProvider.m in Sources */ = {isa = PBXBuildFile; fileRef = F20D9B16A303406E810FC908 /* PluginTileProvider.m */; };
		A8B0A23BA1374B4995F63D87 /* TBXML.m in Sources */ = {isa = PBXBuildFile; fileRef = DF780B2A229D43359991F860 /* TBXML.m */; };
		2770CE6D0C02478D9FCD9AD7 /* PluginTileOverlay.m in Sources */ = {isa = PBXBuildFile; fileRef = 25FB74423069476D86367226 /* PluginTileOverlay.m */; };
		7DFFF7ED46E44F5B877BC664 /* GMSCoordinateBounds+Geometry.m in Sources */ = {isa = PBXBuildFile; fileRef = 9672516A50DC4CFF9FC9D3BE /* GMSCoordinateBounds+Geometry.m */; };
		811369EE7FE44F3A8454233E /* MyPluginLayer.m in Sources */ = {isa = PBXBuildFile; fileRef = 8E7C25D64323499DBBB2EE60 /* MyPluginLayer.m */; };
		FC4A05EB6EC14963B5B6DB9E /* MyPluginScrollView.m in Sources */ = {isa = PBXBuildFile; fileRef = D1DB4AE1E6094E9DB22BEF86 /* MyPluginScrollView.m */; };
		3FC2AAD6E53D4095BCBD558A /* PluginMarkerCluster.m in Sources */ = {isa = PBXBuildFile; fileRef = 5C621074622C41E38B1FE4DD /* PluginMarkerCluster.m */; };
		DBE70D1E11CE466CA1E95ADF /* UIImageCache.m in Sources */ = {isa = PBXBuildFile; fileRef = C5A64A05AEEF42578ED1AAC1 /* UIImageCache.m */; };
		E10A99EFE53A4A83AF42E92E /* PluginStreetViewPanorama.m in Sources */ = {isa = PBXBuildFile; fileRef = BD40BF45AE0948D1A25D0FCD /* PluginStreetViewPanorama.m */; };
		992D56C027F646C7A5634C8E /* PluginStreetViewPanoramaController.m in Sources */ = {isa = PBXBuildFile; fileRef = 243411DFD28A419EA9EF7291 /* PluginStreetViewPanoramaController.m */; };
		225539E2191A4AC3952CAFBE /* PluginViewController.m in Sources */ = {isa = PBXBuildFile; fileRef = 5427AFDC06814284B4D7265C /* PluginViewController.m */; };
		4671E0EE0FDD4B99B0DB8D24 /* pgm_Localizable_en.json in Resources */ = {isa = PBXBuildFile; fileRef = 9E1FA67CA1B949A9A3BC2C2A /* pgm_Localizable_en.json */; };
		43E0F4751B304415A7C6F37A /* pgm_Localizable_es.json in Resources */ = {isa = PBXBuildFile; fileRef = 3ABB9EA2066D4BE685021073 /* pgm_Localizable_es.json */; };
		B6E183C2E8F54DEA88C2AD0F /* pgm_Localizable_ja.json in Resources */ = {isa = PBXBuildFile; fileRef = C1282FA7C65E4AC1A24A172F /* pgm_Localizable_ja.json */; };
		1359EF20264740EAB3EEEE05 /* pgm_Localizable_ru.json in Resources */ = {isa = PBXBuildFile; fileRef = 88C14ED17DD442FF9F87DA7D /* pgm_Localizable_ru.json */; };
		847941706E434A84ACE1E17E /* pgm_Localizable_uk.json in Resources */ = {isa = PBXBuildFile; fileRef = A292044E23354B9F9B30110E /* pgm_Localizable_uk.json */; };
		B4408B8BEF2B466596612F47 /* pgm_Localizable_pt-BR.json in Resources */ = {isa = PBXBuildFile; fileRef = 6E139BB928354D0FB7138ACE /* pgm_Localizable_pt-BR.json */; };
		F117B6A2E55D49269E97752C /* pgm_Localizable_de.json in Resources */ = {isa = PBXBuildFile; fileRef = 6EE3F7F5E234408FA5D9E9C4 /* pgm_Localizable_de.json */; };
		3462C22F06C74AC7806AE6C5 /* pgm_Localizable_fr.json in Resources */ = {isa = PBXBuildFile; fileRef = 7A09AD8C513649228B680095 /* pgm_Localizable_fr.json */; };
		D002B5C4624F4D339ACC69BB /* pgm_Localizable_hi.json in Resources */ = {isa = PBXBuildFile; fileRef = 3638DF5BD88F434CB8F2969D /* pgm_Localizable_hi.json */; };
		5C800B115FB5422F9F4C9428 /* pgm_Localizable_ar.json in Resources */ = {isa = PBXBuildFile; fileRef = 9DC015AB1F854694B8E12D2C /* pgm_Localizable_ar.json */; };
		D5AEFED8180F4F69A52CBA75 /* pgm_Localizable_nl.json in Resources */ = {isa = PBXBuildFile; fileRef = EABD00B616DE4E4EB489C770 /* pgm_Localizable_nl.json */; };
		26E3456084F1465D91E16BC0 /* pgm_Localizable_pl.json in Resources */ = {isa = PBXBuildFile; fileRef = EC08FCFF9E734EDB81174ED2 /* pgm_Localizable_pl.json */; };
		56380ED699454933BF0DFEFB /* pgm_Localizable_da.json in Resources */ = {isa = PBXBuildFile; fileRef = E751B858639945829A087955 /* pgm_Localizable_da.json */; };
		771011FACCEF4C0780895E49 /* pgm_Localizable_vi.json in Resources */ = {isa = PBXBuildFile; fileRef = A8665A143E6645DB958B6FFB /* pgm_Localizable_vi.json */; };
		847C15A37DDD412AA6B95D9D /* SQLitePlugin.m in Sources */ = {isa = PBXBuildFile; fileRef = 154CC9177C574835B5F32A3E /* SQLitePlugin.m */; };
		2B0643D4DAB9419F85E0E262 /* PSPDFThreadSafeMutableDictionary.m in Sources */ = {isa = PBXBuildFile; fileRef = D1CD13193BAE4C8C8CDCD72B /* PSPDFThreadSafeMutableDictionary.m */; settings = {COMPILER_FLAGS = "-w"; }; };
		AC8245BFC4514D36BEEF88EA /* sqlite3.c in Resources */ = {isa = PBXBuildFile; fileRef = 0AEB7B53ED0B4DA2BE1F95AA /* sqlite3.c */; settings = {COMPILER_FLAGS = "-w -DSQLITE_THREADSAFE=1 -DSQLITE_DEFAULT_SYNCHRONOUS=3 -DSQLITE_DEFAULT_MEMSTATUS=0 -DSQLITE_OMIT_DECLTYPE -DSQLITE_OMIT_DEPRECATED -DSQLITE_OMIT_PROGRESS_CALLBACK -DSQLITE_OMIT_SHARED_CACHE -DSQLITE_TEMP_STORE=2 -DSQLITE_OMIT_LOAD_EXTENSION -DSQLITE_ENABLE_FTS3 -DSQLITE_ENABLE_FTS3_PARENTHESIS -DSQLITE_ENABLE_FTS4 -DSQLITE_ENABLE_RTREE -DSQLITE_DEFAULT_PAGE_SIZE=1024"; }; };
/* End PBXBuildFile section */

/* Begin PBXContainerItemProxy section */
		301BF534109A57CC0062928A /* PBXContainerItemProxy */ = {
			isa = PBXContainerItemProxy;
			containerPortal = 301BF52D109A57CC0062928A /* CordovaLib.xcodeproj */;
			proxyType = 2;
			remoteGlobalIDString = D2AAC07E0554694100DB518D;
			remoteInfo = CordovaLib;
		};
		301BF550109A68C00062928A /* PBXContainerItemProxy */ = {
			isa = PBXContainerItemProxy;
			containerPortal = 301BF52D109A57CC0062928A /* CordovaLib.xcodeproj */;
			proxyType = 1;
			remoteGlobalIDString = D2AAC07D0554694100DB518D;
			remoteInfo = CordovaLib;
		};
/* End PBXContainerItemProxy section */

/* Begin PBXFileReference section */
		0207DA571B56EA530066E2B4 /* Images.xcassets */ = {isa = PBXFileReference; lastKnownFileType = folder.assetcatalog; name = Images.xcassets; path = "Toto/Images.xcassets"; sourceTree = SOURCE_ROOT; };
		1D3623240D0F684500981E51 /* AppDelegate.h */ = {isa = PBXFileReference; fileEncoding = 4; lastKnownFileType = sourcecode.c.h; path = AppDelegate.h; sourceTree = "<group>"; };
		1D3623250D0F684500981E51 /* AppDelegate.m */ = {isa = PBXFileReference; fileEncoding = 4; lastKnownFileType = sourcecode.c.objc; path = AppDelegate.m; sourceTree = "<group>"; };
		1D6058910D05DD3D006BFB54 /* Toto.app */ = {isa = PBXFileReference; explicitFileType = wrapper.application; includeInIndex = 0; path = "Toto.app"; sourceTree = BUILT_PRODUCTS_DIR; };
		29B97316FDCFA39411CA2CEA /* main.m */ = {isa = PBXFileReference; fileEncoding = 4; lastKnownFileType = sourcecode.c.objc; path = main.m; sourceTree = "<group>"; };
		301BF52D109A57CC0062928A /* CordovaLib.xcodeproj */ = {isa = PBXFileReference; lastKnownFileType = "wrapper.pb-project"; path = CordovaLib/CordovaLib.xcodeproj; sourceTree = "<group>"; };
		301BF56E109A69640062928A /* www */ = {isa = PBXFileReference; lastKnownFileType = folder; path = www; sourceTree = SOURCE_ROOT; };
		302D95EE14D2391D003F00A1 /* MainViewController.h */ = {isa = PBXFileReference; fileEncoding = 4; lastKnownFileType = sourcecode.c.h; path = MainViewController.h; sourceTree = "<group>"; };
		302D95EF14D2391D003F00A1 /* MainViewController.m */ = {isa = PBXFileReference; fileEncoding = 4; lastKnownFileType = sourcecode.c.objc; path = MainViewController.m; sourceTree = "<group>"; };
		302D95F014D2391D003F00A1 /* MainViewController.xib */ = {isa = PBXFileReference; fileEncoding = 4; lastKnownFileType = file.xib; path = MainViewController.xib; sourceTree = "<group>"; };
		3047A50F1AB8059700498E2A /* build-debug.xcconfig */ = {isa = PBXFileReference; fileEncoding = 4; lastKnownFileType = text.xcconfig; name = "build-debug.xcconfig"; path = cordova/build-debug.xcconfig; sourceTree = SOURCE_ROOT; };
		3047A5101AB8059700498E2A /* build-release.xcconfig */ = {isa = PBXFileReference; fileEncoding = 4; lastKnownFileType = text.xcconfig; name = "build-release.xcconfig"; path = cordova/build-release.xcconfig; sourceTree = SOURCE_ROOT; };
		3047A5111AB8059700498E2A /* build.xcconfig */ = {isa = PBXFileReference; fileEncoding = 4; lastKnownFileType = text.xcconfig; name = build.xcconfig; path = cordova/build.xcconfig; sourceTree = SOURCE_ROOT; };
		32CA4F630368D1EE00C91783 /* Toto-Prefix.pch */ = {isa = PBXFileReference; fileEncoding = 4; lastKnownFileType = sourcecode.c.h; path = "Toto-Prefix.pch"; sourceTree = "<group>"; };
		6AFF5BF81D6E424B00AB3073 /* CDVLaunchScreen.storyboard */ = {isa = PBXFileReference; fileEncoding = 4; lastKnownFileType = file.storyboard; name = CDVLaunchScreen.storyboard; path = "Toto/CDVLaunchScreen.storyboard"; sourceTree = SOURCE_ROOT; };
		8D1107310486CEB800E47090 /* Toto-Info.plist */ = {isa = PBXFileReference; fileEncoding = 4; lastKnownFileType = text.plist.xml; name = "Toto-Info.plist"; path = "Toto/Toto-Info.plist"; plistStructureDefinitionIdentifier = "com.apple.xcode.plist.structure-definition.iphone.info-plist"; sourceTree = SOURCE_ROOT; };
		EB87FDF31871DA8E0020F90C /* www */ = {isa = PBXFileReference; lastKnownFileType = folder; name = www; path = ../../www; sourceTree = "<group>"; };
		EB87FDF41871DAF40020F90C /* config.xml */ = {isa = PBXFileReference; lastKnownFileType = text.xml; name = config.xml; path = ../../config.xml; sourceTree = "<group>"; };
		F840E1F0165FE0F500CFE078 /* config.xml */ = {isa = PBXFileReference; lastKnownFileType = text.xml; name = config.xml; path = "Toto/config.xml"; sourceTree = "<group>"; };
		ED33DF2A687741AEAF9F8254 /* Bridging-Header.h */ = {isa = PBXFileReference; fileEncoding = 4; lastKnownFileType = sourcecode.c.h; name = "Bridging-Header.h"; path = "Bridging-Header.h"; sourceTree = "<group>"; };
		BE01E48DDE3146FAAF017647 /* CDVInAppBrowser.m */ = {isa = PBXFileReference; name = "CDVInAppBrowser.m"; path = "cordova-plugin-inappbrowser/CDVInAppBrowser.m"; sourceTree = "<group>"; fileEncoding = 4; lastKnownFileType = sourcecode.c.objc; explicitFileType = undefined; includeInIndex = 0; };
		EA23B0B29CD845F39EAE210B /* CDVInAppBrowser.h */ = {isa = PBXFileReference; name = "CDVInAppBrowser.h"; path = "cordova-plugin-inappbrowser/CDVInAppBrowser.h"; sourceTree = "<group>"; fileEncoding = 4; lastKnownFileType = sourcecode.c.h; explicitFileType = undefined; includeInIndex = 0; };
		FA55833B3C6249E39DED3592 /* SafariViewController.m */ = {isa = PBXFileReference; name = "SafariViewController.m"; path = "cordova-plugin-safariviewcontroller/SafariViewController.m"; sourceTree = "<group>"; fileEncoding = 4; lastKnownFileType = sourcecode.c.objc; explicitFileType = undefined; includeInIndex = 0; };
		F26A3E9E94EB4844891F160F /* SafariViewController.h */ = {isa = PBXFileReference; name = "SafariViewController.h"; path = "cordova-plugin-safariviewcontroller/SafariViewController.h"; sourceTree = "<group>"; fileEncoding = 4; lastKnownFileType = sourcecode.c.h; explicitFileType = undefined; includeInIndex = 0; };
		5FC1E6374E1846948D5D1679 /* SafariServices.framework */ = {isa = PBXFileReference; name = "SafariServices.framework"; path = "System/Library/Frameworks/SafariServices.framework"; sourceTree = SDKROOT; fileEncoding = undefined; lastKnownFileType = wrapper.framework; explicitFileType = undefined; includeInIndex = 0; };
		7AB85A2FA3DA455183D01F62 /* CDVLocation.m */ = {isa = PBXFileReference; name = "CDVLocation.m"; path = "cordova-plugin-geolocation/CDVLocation.m"; sourceTree = "<group>"; fileEncoding = 4; lastKnownFileType = sourcecode.c.objc; explicitFileType = undefined; includeInIndex = 0; };
		413433E9C13A457F800874E7 /* CDVLocation.h */ = {isa = PBXFileReference; name = "CDVLocation.h"; path = "cordova-plugin-geolocation/CDVLocation.h"; sourceTree = "<group>"; fileEncoding = 4; lastKnownFileType = sourcecode.c.h; explicitFileType = undefined; includeInIndex = 0; };
		0652878FAE5B4AABB1332BFF /* CoreLocation.framework */ = {isa = PBXFileReference; name = "CoreLocation.framework"; path = "System/Library/Frameworks/CoreLocation.framework"; sourceTree = SDKROOT; fileEncoding = undefined; lastKnownFileType = wrapper.framework; explicitFileType = undefined; includeInIndex = 0; };
		79A4334156D2462A9DFC17B6 /* PluginObjects.m */ = {isa = PBXFileReference; name = "PluginObjects.m"; path = "cordova-plugin-googlemaps/PluginObjects.m"; sourceTree = "<group>"; fileEncoding = 4; lastKnownFileType = sourcecode.c.objc; explicitFileType = undefined; includeInIndex = 0; };
		1F18107FEF5B4D4682E81541 /* PluginCircle.m */ = {isa = PBXFileReference; name = "PluginCircle.m"; path = "cordova-plugin-googlemaps/PluginCircle.m"; sourceTree = "<group>"; fileEncoding = 4; lastKnownFileType = sourcecode.c.objc; explicitFileType = undefined; includeInIndex = 0; };
		90C7EC885E624B7E8AAA4565 /* PluginGeocoder.m */ = {isa = PBXFileReference; name = "PluginGeocoder.m"; path = "cordova-plugin-googlemaps/PluginGeocoder.m"; sourceTree = "<group>"; fileEncoding = 4; lastKnownFileType = sourcecode.c.objc; explicitFileType = undefined; includeInIndex = 0; };
		2501563AB6704770BEB4D9B3 /* PluginLocationService.m */ = {isa = PBXFileReference; name = "PluginLocationService.m"; path = "cordova-plugin-googlemaps/PluginLocationService.m"; sourceTree = "<group>"; fileEncoding = 4; lastKnownFileType = sourcecode.c.objc; explicitFileType = undefined; includeInIndex = 0; };
		9BC8A733856A4B04A0A5466F /* PluginEnvironment.m */ = {isa = PBXFileReference; name = "PluginEnvironment.m"; path = "cordova-plugin-googlemaps/PluginEnvironment.m"; sourceTree = "<group>"; fileEncoding = 4; lastKnownFileType = sourcecode.c.objc; explicitFileType = undefined; includeInIndex = 0; };
		AD7E0C976A644FCBB42A7732 /* CordovaGoogleMaps.m */ = {isa = PBXFileReference; name = "CordovaGoogleMaps.m"; path = "cordova-plugin-googlemaps/CordovaGoogleMaps.m"; sourceTree = "<group>"; fileEncoding = 4; lastKnownFileType = sourcecode.c.objc; explicitFileType = undefined; includeInIndex = 0; };
		CCE0EBFA696D43DEBC2534F3 /* PluginMapViewController.m */ = {isa = PBXFileReference; name = "PluginMapViewController.m"; path = "cordova-plugin-googlemaps/PluginMapViewController.m"; sourceTree = "<group>"; fileEncoding = 4; lastKnownFileType = sourcecode.c.objc; explicitFileType = undefined; includeInIndex = 0; };
		49708016AC8943D3A7A6F571 /* PluginGroundOverlay.m */ = {isa = PBXFileReference; name = "PluginGroundOverlay.m"; path = "cordova-plugin-googlemaps/PluginGroundOverlay.m"; sourceTree = "<group>"; fileEncoding = 4; lastKnownFileType = sourcecode.c.objc; explicitFileType = undefined; includeInIndex = 0; };
		F975FEE4D6E846D1A0D8488D /* PluginKmlOverlay.m */ = {isa = PBXFileReference; name = "PluginKmlOverlay.m"; path = "cordova-plugin-googlemaps/PluginKmlOverlay.m"; sourceTree = "<group>"; fileEncoding = 4; lastKnownFileType = sourcecode.c.objc; explicitFileType = undefined; includeInIndex = 0; };
		BCBBC4E1EA714EDF801993D5 /* PluginMap.m */ = {isa = PBXFileReference; name = "PluginMap.m"; path = "cordova-plugin-googlemaps/PluginMap.m"; sourceTree = "<group>"; fileEncoding = 4; lastKnownFileType = sourcecode.c.objc; explicitFileType = undefined; includeInIndex = 0; };
		042716259E454C51BA09DC8A /* PluginMarker.m */ = {isa = PBXFileReference; name = "PluginMarker.m"; path = "cordova-plugin-googlemaps/PluginMarker.m"; sourceTree = "<group>"; fileEncoding = 4; lastKnownFileType = sourcecode.c.objc; explicitFileType = undefined; includeInIndex = 0; };
		6C7CBE9392EB4FFABFA138AA /* PluginUtil.m */ = {isa = PBXFileReference; name = "PluginUtil.m"; path = "cordova-plugin-googlemaps/PluginUtil.m"; sourceTree = "<group>"; fileEncoding = 4; lastKnownFileType = sourcecode.c.objc; explicitFileType = undefined; includeInIndex = 0; };
		D5F76C429C99474689605F8E /* PluginPolygon.m */ = {isa = PBXFileReference; name = "PluginPolygon.m"; path = "cordova-plugin-googlemaps/PluginPolygon.m"; sourceTree = "<group>"; fileEncoding = 4; lastKnownFileType = sourcecode.c.objc; explicitFileType = undefined; includeInIndex = 0; };
		BE3D059681234FC8B4D4CB7F /* PluginPolyline.m */ = {isa = PBXFileReference; name = "PluginPolyline.m"; path = "cordova-plugin-googlemaps/PluginPolyline.m"; sourceTree = "<group>"; fileEncoding = 4; lastKnownFileType = sourcecode.c.objc; explicitFileType = undefined; includeInIndex = 0; };
		F20D9B16A303406E810FC908 /* PluginTileProvider.m */ = {isa = PBXFileReference; name = "PluginTileProvider.m"; path = "cordova-plugin-googlemaps/PluginTileProvider.m"; sourceTree = "<group>"; fileEncoding = 4; lastKnownFileType = sourcecode.c.objc; explicitFileType = undefined; includeInIndex = 0; };
		DF780B2A229D43359991F860 /* TBXML.m */ = {isa = PBXFileReference; name = "TBXML.m"; path = "cordova-plugin-googlemaps/TBXML.m"; sourceTree = "<group>"; fileEncoding = 4; lastKnownFileType = sourcecode.c.objc; explicitFileType = undefined; includeInIndex = 0; };
		25FB74423069476D86367226 /* PluginTileOverlay.m */ = {isa = PBXFileReference; name = "PluginTileOverlay.m"; path = "cordova-plugin-googlemaps/PluginTileOverlay.m"; sourceTree = "<group>"; fileEncoding = 4; lastKnownFileType = sourcecode.c.objc; explicitFileType = undefined; includeInIndex = 0; };
		9672516A50DC4CFF9FC9D3BE /* GMSCoordinateBounds+Geometry.m */ = {isa = PBXFileReference; name = "GMSCoordinateBounds+Geometry.m"; path = "cordova-plugin-googlemaps/GMSCoordinateBounds+Geometry.m"; sourceTree = "<group>"; fileEncoding = 4; lastKnownFileType = sourcecode.c.objc; explicitFileType = undefined; includeInIndex = 0; };
		8E7C25D64323499DBBB2EE60 /* MyPluginLayer.m */ = {isa = PBXFileReference; name = "MyPluginLayer.m"; path = "cordova-plugin-googlemaps/MyPluginLayer.m"; sourceTree = "<group>"; fileEncoding = 4; lastKnownFileType = sourcecode.c.objc; explicitFileType = undefined; includeInIndex = 0; };
		D1DB4AE1E6094E9DB22BEF86 /* MyPluginScrollView.m */ = {isa = PBXFileReference; name = "MyPluginScrollView.m"; path = "cordova-plugin-googlemaps/MyPluginScrollView.m"; sourceTree = "<group>"; fileEncoding = 4; lastKnownFileType = sourcecode.c.objc; explicitFileType = undefined; includeInIndex = 0; };
		5C621074622C41E38B1FE4DD /* PluginMarkerCluster.m */ = {isa = PBXFileReference; name = "PluginMarkerCluster.m"; path = "cordova-plugin-googlemaps/PluginMarkerCluster.m"; sourceTree = "<group>"; fileEncoding = 4; lastKnownFileType = sourcecode.c.objc; explicitFileType = undefined; includeInIndex = 0; };
		C5A64A05AEEF42578ED1AAC1 /* UIImageCache.m */ = {isa = PBXFileReference; name = "UIImageCache.m"; path = "cordova-plugin-googlemaps/UIImageCache.m"; sourceTree = "<group>"; fileEncoding = 4; lastKnownFileType = sourcecode.c.objc; explicitFileType = undefined; includeInIndex = 0; };
		BD40BF45AE0948D1A25D0FCD /* PluginStreetViewPanorama.m */ = {isa = PBXFileReference; name = "PluginStreetViewPanorama.m"; path = "cordova-plugin-googlemaps/PluginStreetViewPanorama.m"; sourceTree = "<group>"; fileEncoding = 4; lastKnownFileType = sourcecode.c.objc; explicitFileType = undefined; includeInIndex = 0; };
		243411DFD28A419EA9EF7291 /* PluginStreetViewPanoramaController.m */ = {isa = PBXFileReference; name = "PluginStreetViewPanoramaController.m"; path = "cordova-plugin-googlemaps/PluginStreetViewPanoramaController.m"; sourceTree = "<group>"; fileEncoding = 4; lastKnownFileType = sourcecode.c.objc; explicitFileType = undefined; includeInIndex = 0; };
		5427AFDC06814284B4D7265C /* PluginViewController.m */ = {isa = PBXFileReference; name = "PluginViewController.m"; path = "cordova-plugin-googlemaps/PluginViewController.m"; sourceTree = "<group>"; fileEncoding = 4; lastKnownFileType = sourcecode.c.objc; explicitFileType = undefined; includeInIndex = 0; };
		C8651B6AFB2344F391815426 /* PluginObjects.h */ = {isa = PBXFileReference; name = "PluginObjects.h"; path = "cordova-plugin-googlemaps/PluginObjects.h"; sourceTree = "<group>"; fileEncoding = 4; lastKnownFileType = sourcecode.c.h; explicitFileType = undefined; includeInIndex = 0; };
		BE3134C204174E138E2B99AA /* PluginCircle.h */ = {isa = PBXFileReference; name = "PluginCircle.h"; path = "cordova-plugin-googlemaps/PluginCircle.h"; sourceTree = "<group>"; fileEncoding = 4; lastKnownFileType = sourcecode.c.h; explicitFileType = undefined; includeInIndex = 0; };
		F1512F74EFC346C797D4AE55 /* PluginGeocoder.h */ = {isa = PBXFileReference; name = "PluginGeocoder.h"; path = "cordova-plugin-googlemaps/PluginGeocoder.h"; sourceTree = "<group>"; fileEncoding = 4; lastKnownFileType = sourcecode.c.h; explicitFileType = undefined; includeInIndex = 0; };
		A2F0CBB714B944A181C78571 /* PluginLocationService.h */ = {isa = PBXFileReference; name = "PluginLocationService.h"; path = "cordova-plugin-googlemaps/PluginLocationService.h"; sourceTree = "<group>"; fileEncoding = 4; lastKnownFileType = sourcecode.c.h; explicitFileType = undefined; includeInIndex = 0; };
		64A26ED5519E455F9952A136 /* PluginEnvironment.h */ = {isa = PBXFileReference; name = "PluginEnvironment.h"; path = "cordova-plugin-googlemaps/PluginEnvironment.h"; sourceTree = "<group>"; fileEncoding = 4; lastKnownFileType = sourcecode.c.h; explicitFileType = undefined; includeInIndex = 0; };
		615AB58365F2481B9005BBFC /* CordovaGoogleMaps.h */ = {isa = PBXFileReference; name = "CordovaGoogleMaps.h"; path = "cordova-plugin-googlemaps/CordovaGoogleMaps.h"; sourceTree = "<group>"; fileEncoding = 4; lastKnownFileType = sourcecode.c.h; explicitFileType = undefined; includeInIndex = 0; };
		C45A49A73CDC48A2946E6300 /* PluginMapViewController.h */ = {isa = PBXFileReference; name = "PluginMapViewController.h"; path = "cordova-plugin-googlemaps/PluginMapViewController.h"; sourceTree = "<group>"; fileEncoding = 4; lastKnownFileType = sourcecode.c.h; explicitFileType = undefined; includeInIndex = 0; };
		C8A201535A1D4152AC4A6E7F /* PluginGroundOverlay.h */ = {isa = PBXFileReference; name = "PluginGroundOverlay.h"; path = "cordova-plugin-googlemaps/PluginGroundOverlay.h"; sourceTree = "<group>"; fileEncoding = 4; lastKnownFileType = sourcecode.c.h; explicitFileType = undefined; includeInIndex = 0; };
		26AE77FEE91E481B954CBB48 /* PluginKmlOverlay.h */ = {isa = PBXFileReference; name = "PluginKmlOverlay.h"; path = "cordova-plugin-googlemaps/PluginKmlOverlay.h"; sourceTree = "<group>"; fileEncoding = 4; lastKnownFileType = sourcecode.c.h; explicitFileType = undefined; includeInIndex = 0; };
		8BCA130BF5904393967C043A /* PluginMap.h */ = {isa = PBXFileReference; name = "PluginMap.h"; path = "cordova-plugin-googlemaps/PluginMap.h"; sourceTree = "<group>"; fileEncoding = 4; lastKnownFileType = sourcecode.c.h; explicitFileType = undefined; includeInIndex = 0; };
		1B53197A43DC49CDAFA867BB /* PluginMarker.h */ = {isa = PBXFileReference; name = "PluginMarker.h"; path = "cordova-plugin-googlemaps/PluginMarker.h"; sourceTree = "<group>"; fileEncoding = 4; lastKnownFileType = sourcecode.c.h; explicitFileType = undefined; includeInIndex = 0; };
		4574FECC8FF84824B7E41B3F /* PluginUtil.h */ = {isa = PBXFileReference; name = "PluginUtil.h"; path = "cordova-plugin-googlemaps/PluginUtil.h"; sourceTree = "<group>"; fileEncoding = 4; lastKnownFileType = sourcecode.c.h; explicitFileType = undefined; includeInIndex = 0; };
		B81787CD11BE4F2B99DE5128 /* PluginPolygon.h */ = {isa = PBXFileReference; name = "PluginPolygon.h"; path = "cordova-plugin-googlemaps/PluginPolygon.h"; sourceTree = "<group>"; fileEncoding = 4; lastKnownFileType = sourcecode.c.h; explicitFileType = undefined; includeInIndex = 0; };
		4EAE2CFADD524F40B90ADE60 /* PluginPolyline.h */ = {isa = PBXFileReference; name = "PluginPolyline.h"; path = "cordova-plugin-googlemaps/PluginPolyline.h"; sourceTree = "<group>"; fileEncoding = 4; lastKnownFileType = sourcecode.c.h; explicitFileType = undefined; includeInIndex = 0; };
		6CCC79DD2EA04AC2BD65FB71 /* PluginTileProvider.h */ = {isa = PBXFileReference; name = "PluginTileProvider.h"; path = "cordova-plugin-googlemaps/PluginTileProvider.h"; sourceTree = "<group>"; fileEncoding = 4; lastKnownFileType = sourcecode.c.h; explicitFileType = undefined; includeInIndex = 0; };
		0F556DF82D1E42AAA1F2CD46 /* TBXML.h */ = {isa = PBXFileReference; name = "TBXML.h"; path = "cordova-plugin-googlemaps/TBXML.h"; sourceTree = "<group>"; fileEncoding = 4; lastKnownFileType = sourcecode.c.h; explicitFileType = undefined; includeInIndex = 0; };
		5CF7CD0964A648198BC42B78 /* PluginTileOverlay.h */ = {isa = PBXFileReference; name = "PluginTileOverlay.h"; path = "cordova-plugin-googlemaps/PluginTileOverlay.h"; sourceTree = "<group>"; fileEncoding = 4; lastKnownFileType = sourcecode.c.h; explicitFileType = undefined; includeInIndex = 0; };
		1345DE6D910C4C3385E1792E /* GMSCoordinateBounds+Geometry.h */ = {isa = PBXFileReference; name = "GMSCoordinateBounds+Geometry.h"; path = "cordova-plugin-googlemaps/GMSCoordinateBounds+Geometry.h"; sourceTree = "<group>"; fileEncoding = 4; lastKnownFileType = sourcecode.c.h; explicitFileType = undefined; includeInIndex = 0; };
		F0F1D6B28EA54E1797805909 /* MyPluginLayer.h */ = {isa = PBXFileReference; name = "MyPluginLayer.h"; path = "cordova-plugin-googlemaps/MyPluginLayer.h"; sourceTree = "<group>"; fileEncoding = 4; lastKnownFileType = sourcecode.c.h; explicitFileType = undefined; includeInIndex = 0; };
		69993A60E48648E99AE5E630 /* MyPluginScrollView.h */ = {isa = PBXFileReference; name = "MyPluginScrollView.h"; path = "cordova-plugin-googlemaps/MyPluginScrollView.h"; sourceTree = "<group>"; fileEncoding = 4; lastKnownFileType = sourcecode.c.h; explicitFileType = undefined; includeInIndex = 0; };
		2670485C7F62493686212EFF /* PluginMarkerCluster.h */ = {isa = PBXFileReference; name = "PluginMarkerCluster.h"; path = "cordova-plugin-googlemaps/PluginMarkerCluster.h"; sourceTree = "<group>"; fileEncoding = 4; lastKnownFileType = sourcecode.c.h; explicitFileType = undefined; includeInIndex = 0; };
		3A51B70CE5B34A439403749B /* UIImageCache.h */ = {isa = PBXFileReference; name = "UIImageCache.h"; path = "cordova-plugin-googlemaps/UIImageCache.h"; sourceTree = "<group>"; fileEncoding = 4; lastKnownFileType = sourcecode.c.h; explicitFileType = undefined; includeInIndex = 0; };
		AE6B5A51F05D444A8578955D /* PluginStreetViewPanorama.h */ = {isa = PBXFileReference; name = "PluginStreetViewPanorama.h"; path = "cordova-plugin-googlemaps/PluginStreetViewPanorama.h"; sourceTree = "<group>"; fileEncoding = 4; lastKnownFileType = sourcecode.c.h; explicitFileType = undefined; includeInIndex = 0; };
		DDC01707B75842F09075DFCA /* PluginStreetViewPanoramaController.h */ = {isa = PBXFileReference; name = "PluginStreetViewPanoramaController.h"; path = "cordova-plugin-googlemaps/PluginStreetViewPanoramaController.h"; sourceTree = "<group>"; fileEncoding = 4; lastKnownFileType = sourcecode.c.h; explicitFileType = undefined; includeInIndex = 0; };
		0D7D82B5A1C842289E80E0E1 /* PluginViewController.h */ = {isa = PBXFileReference; name = "PluginViewController.h"; path = "cordova-plugin-googlemaps/PluginViewController.h"; sourceTree = "<group>"; fileEncoding = 4; lastKnownFileType = sourcecode.c.h; explicitFileType = undefined; includeInIndex = 0; };
		E4A216DA18D84A8BA6FF9949 /* IPluginView.h */ = {isa = PBXFileReference; name = "IPluginView.h"; path = "cordova-plugin-googlemaps/IPluginView.h"; sourceTree = "<group>"; fileEncoding = 4; lastKnownFileType = sourcecode.c.h; explicitFileType = undefined; includeInIndex = 0; };
		221F40B9D2D44B41A594C580 /* IPluginProtocol.h */ = {isa = PBXFileReference; name = "IPluginProtocol.h"; path = "cordova-plugin-googlemaps/IPluginProtocol.h"; sourceTree = "<group>"; fileEncoding = 4; lastKnownFileType = sourcecode.c.h; explicitFileType = undefined; includeInIndex = 0; };
		9E1FA67CA1B949A9A3BC2C2A /* pgm_Localizable_en.json */ = {isa = PBXFileReference; name = "pgm_Localizable_en.json"; path = "pgm_Localizable_en.json"; sourceTree = "<group>"; fileEncoding = undefined; lastKnownFileType = unknown; explicitFileType = undefined; includeInIndex = 0; };
		3ABB9EA2066D4BE685021073 /* pgm_Localizable_es.json */ = {isa = PBXFileReference; name = "pgm_Localizable_es.json"; path = "pgm_Localizable_es.json"; sourceTree = "<group>"; fileEncoding = undefined; lastKnownFileType = unknown; explicitFileType = undefined; includeInIndex = 0; };
		C1282FA7C65E4AC1A24A172F /* pgm_Localizable_ja.json */ = {isa = PBXFileReference; name = "pgm_Localizable_ja.json"; path = "pgm_Localizable_ja.json"; sourceTree = "<group>"; fileEncoding = undefined; lastKnownFileType = unknown; explicitFileType = undefined; includeInIndex = 0; };
		88C14ED17DD442FF9F87DA7D /* pgm_Localizable_ru.json */ = {isa = PBXFileReference; name = "pgm_Localizable_ru.json"; path = "pgm_Localizable_ru.json"; sourceTree = "<group>"; fileEncoding = undefined; lastKnownFileType = unknown; explicitFileType = undefined; includeInIndex = 0; };
		A292044E23354B9F9B30110E /* pgm_Localizable_uk.json */ = {isa = PBXFileReference; name = "pgm_Localizable_uk.json"; path = "pgm_Localizable_uk.json"; sourceTree = "<group>"; fileEncoding = undefined; lastKnownFileType = unknown; explicitFileType = undefined; includeInIndex = 0; };
		6E139BB928354D0FB7138ACE /* pgm_Localizable_pt-BR.json */ = {isa = PBXFileReference; name = "pgm_Localizable_pt-BR.json"; path = "pgm_Localizable_pt-BR.json"; sourceTree = "<group>"; fileEncoding = undefined; lastKnownFileType = unknown; explicitFileType = undefined; includeInIndex = 0; };
		6EE3F7F5E234408FA5D9E9C4 /* pgm_Localizable_de.json */ = {isa = PBXFileReference; name = "pgm_Localizable_de.json"; path = "pgm_Localizable_de.json"; sourceTree = "<group>"; fileEncoding = undefined; lastKnownFileType = unknown; explicitFileType = undefined; includeInIndex = 0; };
		7A09AD8C513649228B680095 /* pgm_Localizable_fr.json */ = {isa = PBXFileReference; name = "pgm_Localizable_fr.json"; path = "pgm_Localizable_fr.json"; sourceTree = "<group>"; fileEncoding = undefined; lastKnownFileType = unknown; explicitFileType = undefined; includeInIndex = 0; };
		3638DF5BD88F434CB8F2969D /* pgm_Localizable_hi.json */ = {isa = PBXFileReference; name = "pgm_Localizable_hi.json"; path = "pgm_Localizable_hi.json"; sourceTree = "<group>"; fileEncoding = undefined; lastKnownFileType = unknown; explicitFileType = undefined; includeInIndex = 0; };
		9DC015AB1F854694B8E12D2C /* pgm_Localizable_ar.json */ = {isa = PBXFileReference; name = "pgm_Localizable_ar.json"; path = "pgm_Localizable_ar.json"; sourceTree = "<group>"; fileEncoding = undefined; lastKnownFileType = unknown; explicitFileType = undefined; includeInIndex = 0; };
		EABD00B616DE4E4EB489C770 /* pgm_Localizable_nl.json */ = {isa = PBXFileReference; name = "pgm_Localizable_nl.json"; path = "pgm_Localizable_nl.json"; sourceTree = "<group>"; fileEncoding = undefined; lastKnownFileType = unknown; explicitFileType = undefined; includeInIndex = 0; };
		EC08FCFF9E734EDB81174ED2 /* pgm_Localizable_pl.json */ = {isa = PBXFileReference; name = "pgm_Localizable_pl.json"; path = "pgm_Localizable_pl.json"; sourceTree = "<group>"; fileEncoding = undefined; lastKnownFileType = unknown; explicitFileType = undefined; includeInIndex = 0; };
		E751B858639945829A087955 /* pgm_Localizable_da.json */ = {isa = PBXFileReference; name = "pgm_Localizable_da.json"; path = "pgm_Localizable_da.json"; sourceTree = "<group>"; fileEncoding = undefined; lastKnownFileType = unknown; explicitFileType = undefined; includeInIndex = 0; };
		A8665A143E6645DB958B6FFB /* pgm_Localizable_vi.json */ = {isa = PBXFileReference; name = "pgm_Localizable_vi.json"; path = "pgm_Localizable_vi.json"; sourceTree = "<group>"; fileEncoding = undefined; lastKnownFileType = unknown; explicitFileType = undefined; includeInIndex = 0; };
		154CC9177C574835B5F32A3E /* SQLitePlugin.m */ = {isa = PBXFileReference; name = "SQLitePlugin.m"; path = "cordova-sqlite-storage/SQLitePlugin.m"; sourceTree = "<group>"; fileEncoding = 4; lastKnownFileType = sourcecode.c.objc; explicitFileType = undefined; includeInIndex = 0; };
		D1CD13193BAE4C8C8CDCD72B /* PSPDFThreadSafeMutableDictionary.m */ = {isa = PBXFileReference; name = "PSPDFThreadSafeMutableDictionary.m"; path = "cordova-sqlite-storage/PSPDFThreadSafeMutableDictionary.m"; sourceTree = "<group>"; fileEncoding = 4; lastKnownFileType = sourcecode.c.objc; explicitFileType = undefined; includeInIndex = 0; };
		0AEB7B53ED0B4DA2BE1F95AA /* sqlite3.c */ = {isa = PBXFileReference; name = "sqlite3.c"; path = "cordova-sqlite-storage/sqlite3.c"; sourceTree = "<group>"; fileEncoding = undefined; lastKnownFileType = unknown; explicitFileType = undefined; includeInIndex = 0; };
		41271A6A1A1E47C28A9BB481 /* SQLitePlugin.h */ = {isa = PBXFileReference; name = "SQLitePlugin.h"; path = "cordova-sqlite-storage/SQLitePlugin.h"; sourceTree = "<group>"; fileEncoding = 4; lastKnownFileType = sourcecode.c.h; explicitFileType = undefined; includeInIndex = 0; };
		B11F66BF6336462F9C54044B /* PSPDFThreadSafeMutableDictionary.h */ = {isa = PBXFileReference; name = "PSPDFThreadSafeMutableDictionary.h"; path = "cordova-sqlite-storage/PSPDFThreadSafeMutableDictionary.h"; sourceTree = "<group>"; fileEncoding = 4; lastKnownFileType = sourcecode.c.h; explicitFileType = undefined; includeInIndex = 0; };
		AC0260450CB1436081FE579C /* sqlite3.h */ = {isa = PBXFileReference; name = "sqlite3.h"; path = "cordova-sqlite-storage/sqlite3.h"; sourceTree = "<group>"; fileEncoding = 4; lastKnownFileType = sourcecode.c.h; explicitFileType = undefined; includeInIndex = 0; };
/* End PBXFileReference section */

/* Begin PBXFrameworksBuildPhase section */
		1D60588F0D05DD3D006BFB54 /* Frameworks */ = {
			isa = PBXFrameworksBuildPhase;
			buildActionMask = 2147483647;
			files = (
				301BF552109A68D80062928A /* libCordova.a in Frameworks */,
				FC80C083CAE64AC9ADCEA0F9 /* SafariServices.framework in Frameworks */,
				535294EDBF5F4B52B11DFF25 /* CoreLocation.framework in Frameworks */,
			);
			runOnlyForDeploymentPostprocessing = 0;
		};
/* End PBXFrameworksBuildPhase section */

/* Begin PBXGroup section */
		080E96DDFE201D6D7F000001 /* Classes */ = {
			isa = PBXGroup;
			children = (
				302D95EE14D2391D003F00A1 /* MainViewController.h */,
				302D95EF14D2391D003F00A1 /* MainViewController.m */,
				302D95F014D2391D003F00A1 /* MainViewController.xib */,
				1D3623240D0F684500981E51 /* AppDelegate.h */,
				1D3623250D0F684500981E51 /* AppDelegate.m */,
			);
			name = Classes;
			path = "Toto/Classes";
			sourceTree = SOURCE_ROOT;
		};
		19C28FACFE9D520D11CA2CBB /* Products */ = {
			isa = PBXGroup;
			children = (
				1D6058910D05DD3D006BFB54 /* Toto.app */,
			);
			name = Products;
			sourceTree = "<group>";
		};
		29B97314FDCFA39411CA2CEA /* CustomTemplate */ = {
			isa = PBXGroup;
			children = (
				EB87FDF41871DAF40020F90C /* config.xml */,
				EB87FDF31871DA8E0020F90C /* www */,
				EB87FDF11871DA420020F90C /* Staging */,
				301BF52D109A57CC0062928A /* CordovaLib.xcodeproj */,
				080E96DDFE201D6D7F000001 /* Classes */,
				307C750510C5A3420062BCA9 /* Plugins */,
				29B97315FDCFA39411CA2CEA /* Other Sources */,
				29B97317FDCFA39411CA2CEA /* Resources */,
				29B97323FDCFA39411CA2CEA /* Frameworks */,
				19C28FACFE9D520D11CA2CBB /* Products */,
			);
			name = CustomTemplate;
			sourceTree = "<group>";
		};
		29B97315FDCFA39411CA2CEA /* Other Sources */ = {
			isa = PBXGroup;
			children = (
				32CA4F630368D1EE00C91783 /* Toto-Prefix.pch */,
				29B97316FDCFA39411CA2CEA /* main.m */,
				ED33DF2A687741AEAF9F8254 /* Bridging-Header.h */,
			);
			name = "Other Sources";
			path = "Toto";
			sourceTree = "<group>";
		};
		29B97317FDCFA39411CA2CEA /* Resources */ = {
			isa = PBXGroup;
			children = (
				0207DA571B56EA530066E2B4 /* Images.xcassets */,
				3047A50E1AB8057F00498E2A /* config */,
				8D1107310486CEB800E47090 /* Toto-Info.plist */,
				6AFF5BF81D6E424B00AB3073 /* CDVLaunchScreen.storyboard */,
				9E1FA67CA1B949A9A3BC2C2A /* pgm_Localizable_en.json */,
				3ABB9EA2066D4BE685021073 /* pgm_Localizable_es.json */,
				C1282FA7C65E4AC1A24A172F /* pgm_Localizable_ja.json */,
				88C14ED17DD442FF9F87DA7D /* pgm_Localizable_ru.json */,
				A292044E23354B9F9B30110E /* pgm_Localizable_uk.json */,
				6E139BB928354D0FB7138ACE /* pgm_Localizable_pt-BR.json */,
				6EE3F7F5E234408FA5D9E9C4 /* pgm_Localizable_de.json */,
				7A09AD8C513649228B680095 /* pgm_Localizable_fr.json */,
				3638DF5BD88F434CB8F2969D /* pgm_Localizable_hi.json */,
				9DC015AB1F854694B8E12D2C /* pgm_Localizable_ar.json */,
				EABD00B616DE4E4EB489C770 /* pgm_Localizable_nl.json */,
				EC08FCFF9E734EDB81174ED2 /* pgm_Localizable_pl.json */,
				E751B858639945829A087955 /* pgm_Localizable_da.json */,
				A8665A143E6645DB958B6FFB /* pgm_Localizable_vi.json */,
			);
			name = Resources;
			path = "Toto/Resources";
			sourceTree = "<group>";
		};
		29B97323FDCFA39411CA2CEA /* Frameworks */ = {
			isa = PBXGroup;
			children = (
				5FC1E6374E1846948D5D1679 /* SafariServices.framework */,
				0652878FAE5B4AABB1332BFF /* CoreLocation.framework */,
			);
			name = Frameworks;
			sourceTree = "<group>";
		};
		301BF52E109A57CC0062928A /* Products */ = {
			isa = PBXGroup;
			children = (
				301BF535109A57CC0062928A /* libCordova.a */,
			);
			name = Products;
			sourceTree = "<group>";
		};
		3047A50E1AB8057F00498E2A /* config */ = {
			isa = PBXGroup;
			children = (
				3047A50F1AB8059700498E2A /* build-debug.xcconfig */,
				3047A5101AB8059700498E2A /* build-release.xcconfig */,
				3047A5111AB8059700498E2A /* build.xcconfig */,
			);
			name = config;
			sourceTree = "<group>";
		};
		307C750510C5A3420062BCA9 /* Plugins */ = {
			isa = PBXGroup;
			children = (
				BE01E48DDE3146FAAF017647 /* CDVInAppBrowser.m */,
				EA23B0B29CD845F39EAE210B /* CDVInAppBrowser.h */,
				FA55833B3C6249E39DED3592 /* SafariViewController.m */,
				F26A3E9E94EB4844891F160F /* SafariViewController.h */,
				7AB85A2FA3DA455183D01F62 /* CDVLocation.m */,
				413433E9C13A457F800874E7 /* CDVLocation.h */,
				79A4334156D2462A9DFC17B6 /* PluginObjects.m */,
				1F18107FEF5B4D4682E81541 /* PluginCircle.m */,
				90C7EC885E624B7E8AAA4565 /* PluginGeocoder.m */,
				2501563AB6704770BEB4D9B3 /* PluginLocationService.m */,
				9BC8A733856A4B04A0A5466F /* PluginEnvironment.m */,
				AD7E0C976A644FCBB42A7732 /* CordovaGoogleMaps.m */,
				CCE0EBFA696D43DEBC2534F3 /* PluginMapViewController.m */,
				49708016AC8943D3A7A6F571 /* PluginGroundOverlay.m */,
				F975FEE4D6E846D1A0D8488D /* PluginKmlOverlay.m */,
				BCBBC4E1EA714EDF801993D5 /* PluginMap.m */,
				042716259E454C51BA09DC8A /* PluginMarker.m */,
				6C7CBE9392EB4FFABFA138AA /* PluginUtil.m */,
				D5F76C429C99474689605F8E /* PluginPolygon.m */,
				BE3D059681234FC8B4D4CB7F /* PluginPolyline.m */,
				F20D9B16A303406E810FC908 /* PluginTileProvider.m */,
				DF780B2A229D43359991F860 /* TBXML.m */,
				25FB74423069476D86367226 /* PluginTileOverlay.m */,
				9672516A50DC4CFF9FC9D3BE /* GMSCoordinateBounds+Geometry.m */,
				8E7C25D64323499DBBB2EE60 /* MyPluginLayer.m */,
				D1DB4AE1E6094E9DB22BEF86 /* MyPluginScrollView.m */,
				5C621074622C41E38B1FE4DD /* PluginMarkerCluster.m */,
				C5A64A05AEEF42578ED1AAC1 /* UIImageCache.m */,
				BD40BF45AE0948D1A25D0FCD /* PluginStreetViewPanorama.m */,
				243411DFD28A419EA9EF7291 /* PluginStreetViewPanoramaController.m */,
				5427AFDC06814284B4D7265C /* PluginViewController.m */,
				C8651B6AFB2344F391815426 /* PluginObjects.h */,
				BE3134C204174E138E2B99AA /* PluginCircle.h */,
				F1512F74EFC346C797D4AE55 /* PluginGeocoder.h */,
				A2F0CBB714B944A181C78571 /* PluginLocationService.h */,
				64A26ED5519E455F9952A136 /* PluginEnvironment.h */,
				615AB58365F2481B9005BBFC /* CordovaGoogleMaps.h */,
				C45A49A73CDC48A2946E6300 /* PluginMapViewController.h */,
				C8A201535A1D4152AC4A6E7F /* PluginGroundOverlay.h */,
				26AE77FEE91E481B954CBB48 /* PluginKmlOverlay.h */,
				8BCA130BF5904393967C043A /* PluginMap.h */,
				1B53197A43DC49CDAFA867BB /* PluginMarker.h */,
				4574FECC8FF84824B7E41B3F /* PluginUtil.h */,
				B81787CD11BE4F2B99DE5128 /* PluginPolygon.h */,
				4EAE2CFADD524F40B90ADE60 /* PluginPolyline.h */,
				6CCC79DD2EA04AC2BD65FB71 /* PluginTileProvider.h */,
				0F556DF82D1E42AAA1F2CD46 /* TBXML.h */,
				5CF7CD0964A648198BC42B78 /* PluginTileOverlay.h */,
				1345DE6D910C4C3385E1792E /* GMSCoordinateBounds+Geometry.h */,
				F0F1D6B28EA54E1797805909 /* MyPluginLayer.h */,
				69993A60E48648E99AE5E630 /* MyPluginScrollView.h */,
				2670485C7F62493686212EFF /* PluginMarkerCluster.h */,
				3A51B70CE5B34A439403749B /* UIImageCache.h */,
				AE6B5A51F05D444A8578955D /* PluginStreetViewPanorama.h */,
				DDC01707B75842F09075DFCA /* PluginStreetViewPanoramaController.h */,
				0D7D82B5A1C842289E80E0E1 /* PluginViewController.h */,
				E4A216DA18D84A8BA6FF9949 /* IPluginView.h */,
				221F40B9D2D44B41A594C580 /* IPluginProtocol.h */,
				154CC9177C574835B5F32A3E /* SQLitePlugin.m */,
				D1CD13193BAE4C8C8CDCD72B /* PSPDFThreadSafeMutableDictionary.m */,
				0AEB7B53ED0B4DA2BE1F95AA /* sqlite3.c */,
				41271A6A1A1E47C28A9BB481 /* SQLitePlugin.h */,
				B11F66BF6336462F9C54044B /* PSPDFThreadSafeMutableDictionary.h */,
				AC0260450CB1436081FE579C /* sqlite3.h */,
			);
			name = Plugins;
			path = "Toto/Plugins";
			sourceTree = SOURCE_ROOT;
		};
		EB87FDF11871DA420020F90C /* Staging */ = {
			isa = PBXGroup;
			children = (
				F840E1F0165FE0F500CFE078 /* config.xml */,
				301BF56E109A69640062928A /* www */,
			);
			name = Staging;
			sourceTree = "<group>";
		};
/* End PBXGroup section */

/* Begin PBXNativeTarget section */
		1D6058900D05DD3D006BFB54 /* Toto */ = {
			isa = PBXNativeTarget;
			buildConfigurationList = 1D6058960D05DD3E006BFB54 /* Build configuration list for PBXNativeTarget "Toto" */;
			buildPhases = (
				304B58A110DAC018002A0835 /* Copy www directory */,
				1D60588D0D05DD3D006BFB54 /* Resources */,
				1D60588E0D05DD3D006BFB54 /* Sources */,
				1D60588F0D05DD3D006BFB54 /* Frameworks */,
			);
			buildRules = (
			);
			dependencies = (
				301BF551109A68C00062928A /* PBXTargetDependency */,
			);
			name = "Toto";
			productName = "Toto";
			productReference = 1D6058910D05DD3D006BFB54 /* Toto.app */;
			productType = "com.apple.product-type.application";
		};
/* End PBXNativeTarget section */

/* Begin PBXProject section */
		29B97313FDCFA39411CA2CEA /* Project object */ = {
			isa = PBXProject;
			attributes = {
				LastUpgradeCheck = 510;
			};
			buildConfigurationList = C01FCF4E08A954540054247B /* Build configuration list for PBXProject "__NON-CLI__" */;
			compatibilityVersion = "Xcode 3.2";
			developmentRegion = English;
			hasScannedForEncodings = 1;
			mainGroup = 29B97314FDCFA39411CA2CEA /* CustomTemplate */;
			projectDirPath = "";
			projectReferences = (
				{
					ProductGroup = 301BF52E109A57CC0062928A /* Products */;
					ProjectRef = 301BF52D109A57CC0062928A /* CordovaLib.xcodeproj */;
				},
			);
			projectRoot = "";
			targets = (
				1D6058900D05DD3D006BFB54 /* Toto */,
			);
		};
/* End PBXProject section */

/* Begin PBXReferenceProxy section */
		301BF535109A57CC0062928A /* libCordova.a */ = {
			isa = PBXReferenceProxy;
			fileType = archive.ar;
			path = libCordova.a;
			remoteRef = 301BF534109A57CC0062928A /* PBXContainerItemProxy */;
			sourceTree = BUILT_PRODUCTS_DIR;
		};
/* End PBXReferenceProxy section */

/* Begin PBXResourcesBuildPhase section */
		1D60588D0D05DD3D006BFB54 /* Resources */ = {
			isa = PBXResourcesBuildPhase;
			buildActionMask = 2147483647;
			files = (
				302D95F214D2391D003F00A1 /* MainViewController.xib in Resources */,
				0207DA581B56EA530066E2B4 /* Images.xcassets in Resources */,
				6AFF5BF91D6E424B00AB3073 /* CDVLaunchScreen.storyboard in Resources */,
				4671E0EE0FDD4B99B0DB8D24 /* pgm_Localizable_en.json in Resources */,
				43E0F4751B304415A7C6F37A /* pgm_Localizable_es.json in Resources */,
				B6E183C2E8F54DEA88C2AD0F /* pgm_Localizable_ja.json in Resources */,
				1359EF20264740EAB3EEEE05 /* pgm_Localizable_ru.json in Resources */,
				847941706E434A84ACE1E17E /* pgm_Localizable_uk.json in Resources */,
				B4408B8BEF2B466596612F47 /* pgm_Localizable_pt-BR.json in Resources */,
				F117B6A2E55D49269E97752C /* pgm_Localizable_de.json in Resources */,
				3462C22F06C74AC7806AE6C5 /* pgm_Localizable_fr.json in Resources */,
				D002B5C4624F4D339ACC69BB /* pgm_Localizable_hi.json in Resources */,
				5C800B115FB5422F9F4C9428 /* pgm_Localizable_ar.json in Resources */,
				D5AEFED8180F4F69A52CBA75 /* pgm_Localizable_nl.json in Resources */,
				26E3456084F1465D91E16BC0 /* pgm_Localizable_pl.json in Resources */,
				56380ED699454933BF0DFEFB /* pgm_Localizable_da.json in Resources */,
				771011FACCEF4C0780895E49 /* pgm_Localizable_vi.json in Resources */,
			);
			runOnlyForDeploymentPostprocessing = 0;
		};
/* End PBXResourcesBuildPhase section */

/* Begin PBXShellScriptBuildPhase section */
		304B58A110DAC018002A0835 /* Copy www directory */ = {
			isa = PBXShellScriptBuildPhase;
			buildActionMask = 2147483647;
			files = (
			);
			inputPaths = (
			);
			name = "Copy www directory";
			outputPaths = (
			);
			runOnlyForDeploymentPostprocessing = 0;
			shellPath = /bin/sh;
			shellScript = "NODEJS_PATH=/usr/local/bin; NVM_NODE_PATH=~/.nvm/versions/node/`nvm version 2>/dev/null`/bin; N_NODE_PATH=`find /usr/local/n/versions/node/* -maxdepth 0 -type d 2>/dev/null | tail -1`/bin; XCODE_NODE_PATH=`xcode-select --print-path`/usr/share/xcs/Node/bin; PATH=$NODEJS_PATH:$NVM_NODE_PATH:$N_NODE_PATH:$XCODE_NODE_PATH:$PATH && node cordova/lib/copy-www-build-step.js";
			showEnvVarsInLog = 0;
		};
/* End PBXShellScriptBuildPhase section */

/* Begin PBXSourcesBuildPhase section */
		1D60588E0D05DD3D006BFB54 /* Sources */ = {
			isa = PBXSourcesBuildPhase;
			buildActionMask = 2147483647;
			files = (
				1D60589B0D05DD56006BFB54 /* main.m in Sources */,
				1D3623260D0F684500981E51 /* AppDelegate.m in Sources */,
				302D95F114D2391D003F00A1 /* MainViewController.m in Sources */,
				D843F8C0B49E4D7B9F776A69 /* CDVInAppBrowser.m in Sources */,
				203E2CCE74C24D8DB2B1840D /* SafariViewController.m in Sources */,
				A69339CA028D41F29486E780 /* CDVLocation.m in Sources */,
				73D0C0D94AF94233A2B3096F /* PluginObjects.m in Sources */,
				75627DCC9F7A4ABEAAAC4F2C /* PluginCircle.m in Sources */,
				25EF1200E3AD472CBAB298EA /* PluginGeocoder.m in Sources */,
				5B19F50E8941408F87CB9083 /* PluginLocationService.m in Sources */,
				B65CB09E35F348B980C44917 /* PluginEnvironment.m in Sources */,
				46C65D2A0C374CF1B753E62C /* CordovaGoogleMaps.m in Sources */,
				A4E082AF8D474D7EADB53E3D /* PluginMapViewController.m in Sources */,
				D86E4F8BA6434BF781DE6200 /* PluginGroundOverlay.m in Sources */,
				0A64A4B59693428A9BFEE259 /* PluginKmlOverlay.m in Sources */,
				492A996576A9485CB9F2C327 /* PluginMap.m in Sources */,
				747303B7B69A4033AF820566 /* PluginMarker.m in Sources */,
				E2126F1A3CE34117AF8730BE /* PluginUtil.m in Sources */,
				79DEF575637942409C340E59 /* PluginPolygon.m in Sources */,
				CFB61369574E4D2BB919153E /* PluginPolyline.m in Sources */,
				16E9B1CCFFE44D7983097563 /* PluginTileProvider.m in Sources */,
				A8B0A23BA1374B4995F63D87 /* TBXML.m in Sources */,
				2770CE6D0C02478D9FCD9AD7 /* PluginTileOverlay.m in Sources */,
				7DFFF7ED46E44F5B877BC664 /* GMSCoordinateBounds+Geometry.m in Sources */,
				811369EE7FE44F3A8454233E /* MyPluginLayer.m in Sources */,
				FC4A05EB6EC14963B5B6DB9E /* MyPluginScrollView.m in Sources */,
				3FC2AAD6E53D4095BCBD558A /* PluginMarkerCluster.m in Sources */,
				DBE70D1E11CE466CA1E95ADF /* UIImageCache.m in Sources */,
				E10A99EFE53A4A83AF42E92E /* PluginStreetViewPanorama.m in Sources */,
				992D56C027F646C7A5634C8E /* PluginStreetViewPanoramaController.m in Sources */,
				225539E2191A4AC3952CAFBE /* PluginViewController.m in Sources */,
				847C15A37DDD412AA6B95D9D /* SQLitePlugin.m in Sources */,
				2B0643D4DAB9419F85E0E262 /* PSPDFThreadSafeMutableDictionary.m in Sources */,
				AC8245BFC4514D36BEEF88EA /* sqlite3.c in Resources */,
			);
			runOnlyForDeploymentPostprocessing = 0;
		};
/* End PBXSourcesBuildPhase section */

/* Begin PBXTargetDependency section */
		301BF551109A68C00062928A /* PBXTargetDependency */ = {
			isa = PBXTargetDependency;
			name = CordovaLib;
			targetProxy = 301BF550109A68C00062928A /* PBXContainerItemProxy */;
		};
/* End PBXTargetDependency section */

/* Begin XCBuildConfiguration section */
		1D6058940D05DD3E006BFB54 /* Debug */ = {
			isa = XCBuildConfiguration;
			baseConfigurationReference = 3047A50F1AB8059700498E2A /* build-debug.xcconfig */;
			buildSettings = {
				ALWAYS_SEARCH_USER_PATHS = NO;
				ASSETCATALOG_COMPILER_APPICON_NAME = AppIcon;
				ASSETCATALOG_COMPILER_LAUNCHIMAGE_NAME = LaunchImage;
				CLANG_ENABLE_MODULES = YES;
				CLANG_ENABLE_OBJC_ARC = YES;
				COPY_PHASE_STRIP = NO;
				GCC_DYNAMIC_NO_PIC = NO;
				GCC_OPTIMIZATION_LEVEL = 0;
				GCC_PRECOMPILE_PREFIX_HEADER = YES;
				GCC_PREFIX_HEADER = "Toto/Toto-Prefix.pch";
				GCC_THUMB_SUPPORT = NO;
				GCC_VERSION = "";
				INFOPLIST_FILE = "Toto/Toto-Info.plist";
				IPHONEOS_DEPLOYMENT_TARGET = 9.0;
				LD_RUNPATH_SEARCH_PATHS = "@executable_path/Frameworks";
				TARGETED_DEVICE_FAMILY = "1,2";
				PRODUCT_NAME = "Toto";
			};
			name = Debug;
		};
		1D6058950D05DD3E006BFB54 /* Release */ = {
			isa = XCBuildConfiguration;
			baseConfigurationReference = 3047A5101AB8059700498E2A /* build-release.xcconfig */;
			buildSettings = {
				ALWAYS_SEARCH_USER_PATHS = NO;
				ASSETCATALOG_COMPILER_APPICON_NAME = AppIcon;
				ASSETCATALOG_COMPILER_LAUNCHIMAGE_NAME = LaunchImage;
				CLANG_ENABLE_MODULES = YES;
				CLANG_ENABLE_OBJC_ARC = YES;
				COPY_PHASE_STRIP = YES;
				GCC_PRECOMPILE_PREFIX_HEADER = YES;
				GCC_PREFIX_HEADER = "Toto/Toto-Prefix.pch";
				GCC_THUMB_SUPPORT = NO;
				GCC_VERSION = "";
				INFOPLIST_FILE = "Toto/Toto-Info.plist";
				IPHONEOS_DEPLOYMENT_TARGET = 9.0;
				LD_RUNPATH_SEARCH_PATHS = "@executable_path/Frameworks";
				TARGETED_DEVICE_FAMILY = "1,2";
				PRODUCT_NAME = "Toto";
			};
			name = Release;
		};
		C01FCF4F08A954540054247B /* Debug */ = {
			isa = XCBuildConfiguration;
			baseConfigurationReference = 3047A5111AB8059700498E2A /* build.xcconfig */;
			buildSettings = {
				CLANG_ENABLE_MODULES = YES;
				CLANG_ENABLE_OBJC_ARC = YES;
				CLANG_WARN_BOOL_CONVERSION = YES;
				CLANG_WARN_CONSTANT_CONVERSION = YES;
				CLANG_WARN_EMPTY_BODY = YES;
				CLANG_WARN_ENUM_CONVERSION = YES;
				CLANG_WARN_INT_CONVERSION = YES;
				CLANG_WARN__DUPLICATE_METHOD_MATCH = YES;
				GCC_C_LANGUAGE_STANDARD = c99;
				GCC_THUMB_SUPPORT = NO;
				GCC_VERSION = "";
				GCC_WARN_ABOUT_RETURN_TYPE = YES;
				GCC_WARN_UNDECLARED_SELECTOR = YES;
				GCC_WARN_UNINITIALIZED_AUTOS = YES;
				GCC_WARN_UNUSED_FUNCTION = YES;
				GCC_WARN_UNUSED_VARIABLE = YES;
				ONLY_ACTIVE_ARCH = YES;
				SDKROOT = iphoneos;
				SKIP_INSTALL = NO;
			};
			name = Debug;
		};
		C01FCF5008A954540054247B /* Release */ = {
			isa = XCBuildConfiguration;
			baseConfigurationReference = 3047A5111AB8059700498E2A /* build.xcconfig */;
			buildSettings = {
				CLANG_ENABLE_MODULES = YES;
				CLANG_ENABLE_OBJC_ARC = YES;
				CLANG_WARN_BOOL_CONVERSION = YES;
				CLANG_WARN_CONSTANT_CONVERSION = YES;
				CLANG_WARN_EMPTY_BODY = YES;
				CLANG_WARN_ENUM_CONVERSION = YES;
				CLANG_WARN_INT_CONVERSION = YES;
				CLANG_WARN__DUPLICATE_METHOD_MATCH = YES;
				GCC_C_LANGUAGE_STANDARD = c99;
				GCC_THUMB_SUPPORT = NO;
				GCC_VERSION = "";
				GCC_WARN_ABOUT_RETURN_TYPE = YES;
				GCC_WARN_UNDECLARED_SELECTOR = YES;
				GCC_WARN_UNINITIALIZED_AUTOS = YES;
				GCC_WARN_UNUSED_FUNCTION = YES;
				GCC_WARN_UNUSED_VARIABLE = YES;
				SDKROOT = iphoneos;
				SKIP_INSTALL = NO;
			};
			name = Release;
		};
/* End XCBuildConfiguration section */

/* Begin XCConfigurationList section */
		1D6058960D05DD3E006BFB54 /* Build configuration list for PBXNativeTarget "Toto" */ = {
			isa = XCConfigurationList;
			buildConfigurations = (
				1D6058940D05DD3E006BFB54 /* Debug */,
				1D6058950D05DD3E006BFB54 /* Release */,
			);
			defaultConfigurationIsVisible = 0;
			defaultConfigurationName = Release;
		};
		C01FCF4E08A954540054247B /* Build configuration list for PBXProject "__NON-CLI__" */ = {
			isa = XCConfigurationList;
			buildConfigurations = (
				C01FCF4F08A954540054247B /* Debug */,
				C01FCF5008A954540054247B /* Release */,
			);
			defaultConfigurationIsVisible = 0;
			defaultConfigurationName = Release;
		};
/* End XCConfigurationList section */
	};
	rootObject = 29B97313FDCFA39411CA2CEA /* Project object */;
}
